
Microsoft Visual Studio Solution File, Format Version 12.00
# Visual Studio Version 17
VisualStudioVersion = 17.10.35122.118
MinimumVisualStudioVersion = 10.0.40219.1
Project("{FAE04EC0-301F-11D3-BF4B-00C04F79EFBC}") = "Enumerable.UI.Consola", "Enumerable.UI.Consola\Enumerable.UI.Consola.csproj", "{96BC5047-05FE-427A-8F80-012193FF613B}"
EndProject
Global
	GlobalSection(SolutionConfigurationPlatforms) = preSolution
		Debug|Any CPU = Debug|Any CPU
		Release|Any CPU = Release|Any CPU
	EndGlobalSection
	GlobalSection(ProjectConfigurationPlatforms) = postSolution
		{96BC5047-05FE-427A-8F80-012193FF613B}.Debug|Any CPU.ActiveCfg = Debug|Any CPU
		{96BC5047-05FE-427A-8F80-012193FF613B}.Debug|Any CPU.Build.0 = Debug|Any CPU
		{96BC5047-05FE-427A-8F80-012193FF613B}.Release|Any CPU.ActiveCfg = Release|Any CPU
		{96BC5047-05FE-427A-8F80-012193FF613B}.Release|Any CPU.Build.0 = Release|Any CPU
	EndGlobalSection
	GlobalSection(SolutionProperties) = preSolution
		HideSolutionNode = FALSE
	EndGlobalSection
	GlobalSection(ExtensibilityGlobals) = postSolution
		SolutionGuid = {56F2E14F-1809-483D-BA31-85D0163D405B}
	EndGlobalSection
EndGlobal
